{
  "markbot": "8706d226ab8a82fcc90e21c1dd3f72c13237f6f1e041f8be5ba00a27c626dd07",
  "markbotignore": "030a4e6e1b3b6b510514a7ae54576e2c2ef762d56236c6414ef634955d96a126",
  "index.html": "128511472e4c01c85f937113e33a18c2d8bb5b054dcff8fadb5d80a76781061c",
  "index-320.png": "31f1a58b71055a07c8df18c2bbe375b7c9c14fdbd55fc0513ec5cca21505818c",
  "index-400.png": "258e9c63fda5b88145632f64cab83fc9a72926b4382a400fea6cde2ba48e377c",
  "index-608.png": "9bade12d51b1242d5074cf71b7ddc2376d6d30be7d314401704656143793ca0f",
  "index-960.png": "acbfaf3a8b80903c2269fb41a0002bd43c8570a2d45cba0ff00220ad8de1d641",
  "index-1440.png": "98a9a2449c572568c68af609383cb6944fe3aaaf3c7caabbf6becb0206adcbe8"
}