{
  "markbot": "b40865ce502658e73bcaea271f45c2c6bedd36fed96d13f49bb7ea2a8c30e177",
  "markbotignore": "030a4e6e1b3b6b510514a7ae54576e2c2ef762d56236c6414ef634955d96a126",
  "index.html": "29ee73d9f49ec74fdbe37d99642ff3dc49f57d17cd71fb687918edd6b5fe75ce",
  "index-320.png": "2dcf4dbd4e4767d4ce74bf508578a821b9ca1162429632e35d92ad307bce75a3",
  "index-400.png": "7a6b3aef0f8ee49a2f050f401eba4937a267bf7eb230f0717d4b5f1771d4f16c",
  "index-608.png": "cde4fb8cc3c2ca7f8d55024c35e3ead0deeccb8a61741d4568ca9d530c808108",
  "index-960.png": "b2c208b1fc52360a7a084104189cb96e2c572c8a15fc6ca750dc4106cb7ba741",
  "index-1440.png": "a81029248d1f4b9d916e327c1d33e2b2fea71225958bcc9cb15449ffdcd06336"
}