{
  "markbot": "af6d51e0eda7078289678a807d05e5eeb6db0557432ea175697698cceefd08ff",
  "index.html": "29ee73d9f49ec74fdbe37d99642ff3dc49f57d17cd71fb687918edd6b5fe75ce",
  "index-320.png": "7a6901ba86fe29bed54ce8930aca89c5df2f76e1de6dc7830a519bdac24589c3",
  "index-400.png": "b55f781d1924d3be5e79d5c579d33ef7b3d224fecdaa37aaa35917d147a936d2",
  "index-650.png": "eaf78d0f71e4ab51b3a7576ff0bb035dc72ad255bfa28a35af8be826f1b1243a",
  "index-980.png": "704342db4926bbcdc7d9e306b492f30cca8de43bc0d2419e0f94ced42079cfa7"
}